# This file is automatically @generated by Cargo.
# It is not intended for manual editing.
version = 4

[[package]]
name = "allocator-api2"
version = "0.2.21"
source = "registry+https://github.com/rust-lang/crates.io-index"
checksum = "683d7910e743518b0e34f1186f92494becacb047c7b6bf616c96772180fef923"

[[package]]
name = "diff"
version = "0.1.13"
source = "registry+https://github.com/rust-lang/crates.io-index"
checksum = "56254986775e3233ffa9c4d7d3faaf6d36a2c09d30b20687e9f88bc8bafc16c8"

[[package]]
name = "equivalent"
version = "1.0.2"
source = "registry+https://github.com/rust-lang/crates.io-index"
checksum = "877a4ace8713b0bcf2a4e7eec82529c029f1d0619886d18145fea96c3ffe5c0f"

[[package]]
name = "foldhash"
version = "0.2.0"
source = "registry+https://github.com/rust-lang/crates.io-index"
checksum = "77ce24cb58228fbb8aa041425bb1050850ac19177686ea6e0f41a70416f56fdb"

[[package]]
name = "hashbrown"
version = "0.17.1"
source = "registry+https://github.com/rust-lang/crates.io-index"
checksum = "ed5909b6e89a2db4456e54cd5f673791d7eca6732202bbf2a9cc504fe2f9b84a"
dependencies = [
 "allocator-api2",
 "equivalent",
 "foldhash",
]

[[package]]
name = "hw-monitor-alignment"
version = "0.0.0-development"
dependencies = [
 "hashbrown",
 "pretty_assertions",
 "windows-reactor",
 "windows-reactor-setup",
 "windows-sys",
]

[[package]]
name = "pretty_assertions"
version = "1.4.1"
source = "registry+https://github.com/rust-lang/crates.io-index"
checksum = "3ae130e2f271fbc2ac3a40fb1d07180839cdbbe443c7a27e1e3c13c5cac0116d"
dependencies = [
 "diff",
 "yansi",
]

[[package]]
name = "rustc-hash"
version = "2.1.2"
source = "registry+https://github.com/rust-lang/crates.io-index"
checksum = "94300abf3f1ae2e2b8ffb7b58043de3d399c73fa6f4b73826402a5c457614dbe"

[[package]]
name = "shared"
version = "0.0.0-development"

[[package]]
name = "windows-collections"
version = "0.3.2"
source = "git+https://github.com/microsoft/windows-rs?branch=master#d17ce38b54ec3db832835d1ba794155ae2b291b9"
dependencies = [
 "windows-core",
]

[[package]]
name = "windows-core"
version = "0.62.2"
source = "git+https://github.com/microsoft/windows-rs?branch=master#d17ce38b54ec3db832835d1ba794155ae2b291b9"
dependencies = [
 "windows-link",
 "windows-result",
 "windows-strings",
]

[[package]]
name = "windows-future"
version = "0.3.2"
source = "git+https://github.com/microsoft/windows-rs?branch=master#d17ce38b54ec3db832835d1ba794155ae2b291b9"
dependencies = [
 "windows-core",
 "windows-link",
 "windows-threading",
]

[[package]]
name = "windows-link"
version = "0.2.1"
source = "git+https://github.com/microsoft/windows-rs?branch=master#d17ce38b54ec3db832835d1ba794155ae2b291b9"

[[package]]
name = "windows-numerics"
version = "0.3.1"
source = "git+https://github.com/microsoft/windows-rs?branch=master#d17ce38b54ec3db832835d1ba794155ae2b291b9"
dependencies = [
 "windows-core",
 "windows-link",
]

[[package]]
name = "windows-reactor"
version = "0.0.0"
source = "git+https://github.com/microsoft/windows-rs?branch=master#d17ce38b54ec3db832835d1ba794155ae2b291b9"
dependencies = [
 "rustc-hash",
 "windows-collections",
 "windows-core",
 "windows-future",
 "windows-numerics",
 "windows-reference",
 "windows-threading",
 "windows-time",
]

[[package]]
name = "windows-reactor-setup"
version = "0.0.0"
source = "git+https://github.com/microsoft/windows-rs?branch=master#d17ce38b54ec3db832835d1ba794155ae2b291b9"

[[package]]
name = "windows-reference"
version = "0.1.0"
source = "git+https://github.com/microsoft/windows-rs?branch=master#d17ce38b54ec3db832835d1ba794155ae2b291b9"
dependencies = [
 "windows-core",
 "windows-time",
]

[[package]]
name = "windows-result"
version = "0.4.1"
source = "git+https://github.com/microsoft/windows-rs?branch=master#d17ce38b54ec3db832835d1ba794155ae2b291b9"
dependencies = [
 "windows-link",
]

[[package]]
name = "windows-strings"
version = "0.5.1"
source = "git+https://github.com/microsoft/windows-rs?branch=master#d17ce38b54ec3db832835d1ba794155ae2b291b9"
dependencies = [
 "windows-link",
]

[[package]]
name = "windows-sys"
version = "0.61.2"
source = "git+https://github.com/microsoft/windows-rs?branch=master#d17ce38b54ec3db832835d1ba794155ae2b291b9"
dependencies = [
 "windows-link",
]

[[package]]
name = "windows-threading"
version = "0.2.1"
source = "git+https://github.com/microsoft/windows-rs?branch=master#d17ce38b54ec3db832835d1ba794155ae2b291b9"
dependencies = [
 "windows-link",
]

[[package]]
name = "windows-time"
version = "0.1.0"
source = "git+https://github.com/microsoft/windows-rs?branch=master#d17ce38b54ec3db832835d1ba794155ae2b291b9"
dependencies = [
 "windows-core",
 "windows-link",
]

[[package]]
name = "yansi"
version = "1.0.1"
source = "registry+https://github.com/rust-lang/crates.io-index"
checksum = "cfe53a6657fd280eaa890a3bc59152892ffa3e30101319d168b781ed6529b049"
